
Microsoft Visual Studio Solution File, Format Version 12.00
# Visual Studio 2012
Project("{E24C65DC-7377-472B-9ABA-BC803B73C61A}") = "tfinder", "http://localhost:59423", "{6DC51681-1823-491A-B1A5-9F2BCA4F59E8}"
	ProjectSection(WebsiteProperties) = preProject
		UseIISExpress = "true"
		TargetFrameworkMoniker = ".NETFramework,Version%3Dv4.0"
		Debug.AspNetCompiler.VirtualPath = "/localhost_59423"
		Debug.AspNetCompiler.PhysicalPath = "..\tfinder\"
		Debug.AspNetCompiler.TargetPath = "PrecompiledWeb\localhost_59423\"
		Debug.AspNetCompiler.Updateable = "true"
		Debug.AspNetCompiler.ForceOverwrite = "true"
		Debug.AspNetCompiler.FixedNames = "false"
		Debug.AspNetCompiler.Debug = "True"
		Release.AspNetCompiler.VirtualPath = "/localhost_59423"
		Release.AspNetCompiler.PhysicalPath = "..\tfinder\"
		Release.AspNetCompiler.TargetPath = "PrecompiledWeb\localhost_59423\"
		Release.AspNetCompiler.Updateable = "true"
		Release.AspNetCompiler.ForceOverwrite = "true"
		Release.AspNetCompiler.FixedNames = "false"
		Release.AspNetCompiler.Debug = "False"
		SlnRelativePath = "..\tfinder\"
	EndProjectSection
EndProject
Global
	GlobalSection(SolutionConfigurationPlatforms) = preSolution
		Debug|Any CPU = Debug|Any CPU
	EndGlobalSection
	GlobalSection(ProjectConfigurationPlatforms) = postSolution
		{6DC51681-1823-491A-B1A5-9F2BCA4F59E8}.Debug|Any CPU.ActiveCfg = Debug|Any CPU
		{6DC51681-1823-491A-B1A5-9F2BCA4F59E8}.Debug|Any CPU.Build.0 = Debug|Any CPU
	EndGlobalSection
	GlobalSection(SolutionProperties) = preSolution
		HideSolutionNode = FALSE
	EndGlobalSection
EndGlobal
